// !$*UTF8*$!
{
	archiveVersion = 1;
	classes = {
	};
	objectVersion = 46;
	objects = {

/* Begin PBXBuildFile section */
		FF32588C175AC32900C3A261 /* ProgressiveNodesViewController.m in Sources */ = {isa = PBXBuildFile; fileRef = FF32588B175AC32900C3A261 /* ProgressiveNodesViewController.m */; };
		FF32588E175AC33600C3A261 /* ProgressiveNodesView.xib in Resources */ = {isa = PBXBuildFile; fileRef = FF32588D175AC33600C3A261 /* ProgressiveNodesView.xib */; };
		FF325891175AC50800C3A261 /* User.m in Sources */ = {isa = PBXBuildFile; fileRef = FF325890175AC50800C3A261 /* User.m */; };
		FF325894175AC50900C3A261 /* Node.m in Sources */ = {isa = PBXBuildFile; fileRef = FF325893175AC50900C3A261 /* Node.m */; };
		FF325897175AC50900C3A261 /* Image.m in Sources */ = {isa = PBXBuildFile; fileRef = FF325896175AC50900C3A261 /* Image.m */; };
		FF32589A175AC50900C3A261 /* Options.m in Sources */ = {isa = PBXBuildFile; fileRef = FF325899175AC50900C3A261 /* Options.m */; };
		FF32589D175AC50900C3A261 /* Tour.m in Sources */ = {isa = PBXBuildFile; fileRef = FF32589C175AC50900C3A261 /* Tour.m */; };
		FF3258A0175AC50900C3A261 /* BaseObject.m in Sources */ = {isa = PBXBuildFile; fileRef = FF32589F175AC50900C3A261 /* BaseObject.m */; };
		FF373A3C1759720500A53FD8 /* MapButton.xib in Resources */ = {isa = PBXBuildFile; fileRef = FF373A3B1759720500A53FD8 /* MapButton.xib */; };
		FF373A401759735200A53FD8 /* MapKit.framework in Frameworks */ = {isa = PBXBuildFile; fileRef = FF373A3F1759735200A53FD8 /* MapKit.framework */; };
		FF373A42175978C300A53FD8 /* CoreLocation.framework in Frameworks */ = {isa = PBXBuildFile; fileRef = FF373A41175978C300A53FD8 /* CoreLocation.framework */; };
		FF373A4417598B0900A53FD8 /* FindToursView.xib in Resources */ = {isa = PBXBuildFile; fileRef = FF373A4317598B0900A53FD8 /* FindToursView.xib */; };
		FF373A4617598B7400A53FD8 /* AddTourCell.xib in Resources */ = {isa = PBXBuildFile; fileRef = FF373A4517598B7400A53FD8 /* AddTourCell.xib */; };
		FF373A4817598BCB00A53FD8 /* MainView.xib in Resources */ = {isa = PBXBuildFile; fileRef = FF373A4717598BCB00A53FD8 /* MainView.xib */; };
		FF373A4B17598D1600A53FD8 /* MainViewController.m in Sources */ = {isa = PBXBuildFile; fileRef = FF373A4A17598D1600A53FD8 /* MainViewController.m */; };
		FF373A4E17598E4C00A53FD8 /* FindToursViewController.m in Sources */ = {isa = PBXBuildFile; fileRef = FF373A4D17598E4C00A53FD8 /* FindToursViewController.m */; };
		FF373AD81759908000A53FD8 /* ClientManager.m in Sources */ = {isa = PBXBuildFile; fileRef = FF373AD71759908000A53FD8 /* ClientManager.m */; };
		FF373ADB1759910B00A53FD8 /* Options+Methods.m in Sources */ = {isa = PBXBuildFile; fileRef = FF373ADA1759910B00A53FD8 /* Options+Methods.m */; };
		FF373ADD1759919F00A53FD8 /* OptionsView.xib in Resources */ = {isa = PBXBuildFile; fileRef = FF373ADC1759919F00A53FD8 /* OptionsView.xib */; };
		FF373AE0175992F400A53FD8 /* OptionsViewController.m in Sources */ = {isa = PBXBuildFile; fileRef = FF373ADF175992F300A53FD8 /* OptionsViewController.m */; };
		FF373AE617599A8E00A53FD8 /* AFJSONRequestOperation+Constructor.m in Sources */ = {isa = PBXBuildFile; fileRef = FF373AE517599A8D00A53FD8 /* AFJSONRequestOperation+Constructor.m */; };
		FF373AE91759A18600A53FD8 /* NSMutableURLRequest+CurlDescription.m in Sources */ = {isa = PBXBuildFile; fileRef = FF373AE81759A18500A53FD8 /* NSMutableURLRequest+CurlDescription.m */; };
		FF373AEC1759B43400A53FD8 /* AddTourCell.m in Sources */ = {isa = PBXBuildFile; fileRef = FF373AEB1759B43300A53FD8 /* AddTourCell.m */; };
		FF373AEF1759B5AE00A53FD8 /* Model.xcdatamodeld in Sources */ = {isa = PBXBuildFile; fileRef = FF373AED1759B5AE00A53FD8 /* Model.xcdatamodeld */; };
		FF373B111759BD9400A53FD8 /* BaseObject+Methods.m in Sources */ = {isa = PBXBuildFile; fileRef = FF373B101759BD9400A53FD8 /* BaseObject+Methods.m */; };
		FF373B131759BE0D00A53FD8 /* CoreData.framework in Frameworks */ = {isa = PBXBuildFile; fileRef = FF373B121759BE0D00A53FD8 /* CoreData.framework */; };
		FF373B221759C01E00A53FD8 /* DataManager.m in Sources */ = {isa = PBXBuildFile; fileRef = FF373B211759C01D00A53FD8 /* DataManager.m */; };
		FF373B281759CDAF00A53FD8 /* User+Methods.m in Sources */ = {isa = PBXBuildFile; fileRef = FF373B271759CDAE00A53FD8 /* User+Methods.m */; };
		FF97890A1758B50900325B2D /* UIKit.framework in Frameworks */ = {isa = PBXBuildFile; fileRef = FF9789091758B50900325B2D /* UIKit.framework */; };
		FF97890C1758B50900325B2D /* Foundation.framework in Frameworks */ = {isa = PBXBuildFile; fileRef = FF97890B1758B50900325B2D /* Foundation.framework */; };
		FF97890E1758B50900325B2D /* CoreGraphics.framework in Frameworks */ = {isa = PBXBuildFile; fileRef = FF97890D1758B50900325B2D /* CoreGraphics.framework */; };
		FF9789141758B50900325B2D /* InfoPlist.strings in Resources */ = {isa = PBXBuildFile; fileRef = FF9789121758B50900325B2D /* InfoPlist.strings */; };
		FF9789161758B50900325B2D /* main.m in Sources */ = {isa = PBXBuildFile; fileRef = FF9789151758B50900325B2D /* main.m */; };
		FF97891A1758B50900325B2D /* AppDelegate.m in Sources */ = {isa = PBXBuildFile; fileRef = FF9789191758B50900325B2D /* AppDelegate.m */; };
		FF97891C1758B50900325B2D /* Default.png in Resources */ = {isa = PBXBuildFile; fileRef = FF97891B1758B50900325B2D /* Default.png */; };
		FF97891E1758B50900325B2D /* Default@2x.png in Resources */ = {isa = PBXBuildFile; fileRef = FF97891D1758B50900325B2D /* Default@2x.png */; };
		FF9789201758B50900325B2D /* Default-568h@2x.png in Resources */ = {isa = PBXBuildFile; fileRef = FF97891F1758B50900325B2D /* Default-568h@2x.png */; };
		FF9789281758B53800325B2D /* ToursViewController.m in Sources */ = {isa = PBXBuildFile; fileRef = FF9789271758B53800325B2D /* ToursViewController.m */; };
		FF97892B1758B61400325B2D /* ToursView.xib in Resources */ = {isa = PBXBuildFile; fileRef = FF97892A1758B61400325B2D /* ToursView.xib */; };
		FF9789311758BA4600325B2D /* NodesViewController.m in Sources */ = {isa = PBXBuildFile; fileRef = FF9789301758BA4600325B2D /* NodesViewController.m */; };
		FF9789331758BA5800325B2D /* NodesView.xib in Resources */ = {isa = PBXBuildFile; fileRef = FF9789321758BA5800325B2D /* NodesView.xib */; };
		FF9789361758BC5E00325B2D /* Tour+Methods.m in Sources */ = {isa = PBXBuildFile; fileRef = FF9789351758BC5E00325B2D /* Tour+Methods.m */; };
		FF9789391758BF4300325B2D /* Node+Methods.m in Sources */ = {isa = PBXBuildFile; fileRef = FF9789381758BF4300325B2D /* Node+Methods.m */; };
		FF97893C1758C31F00325B2D /* NodeViewController.m in Sources */ = {isa = PBXBuildFile; fileRef = FF97893B1758C31F00325B2D /* NodeViewController.m */; };
		FF97893E1758C32D00325B2D /* NodeView.xib in Resources */ = {isa = PBXBuildFile; fileRef = FF97893D1758C32D00325B2D /* NodeView.xib */; };
		FF9789401758C75700325B2D /* NodeWebCell.xib in Resources */ = {isa = PBXBuildFile; fileRef = FF97893F1758C75700325B2D /* NodeWebCell.xib */; };
		FF9789431758C7ED00325B2D /* NodeWebCell.m in Sources */ = {isa = PBXBuildFile; fileRef = FF9789421758C7ED00325B2D /* NodeWebCell.m */; };
		FFDCF33A1759F79700FC8B97 /* AFHTTPClient.m in Sources */ = {isa = PBXBuildFile; fileRef = FFDCF3261759F79700FC8B97 /* AFHTTPClient.m */; };
		FFDCF33B1759F79700FC8B97 /* AFHTTPRequestOperation.m in Sources */ = {isa = PBXBuildFile; fileRef = FFDCF3281759F79700FC8B97 /* AFHTTPRequestOperation.m */; };
		FFDCF33C1759F79700FC8B97 /* AFImageRequestOperation.m in Sources */ = {isa = PBXBuildFile; fileRef = FFDCF32A1759F79700FC8B97 /* AFImageRequestOperation.m */; };
		FFDCF33D1759F79700FC8B97 /* AFJSONRequestOperation.m in Sources */ = {isa = PBXBuildFile; fileRef = FFDCF32C1759F79700FC8B97 /* AFJSONRequestOperation.m */; };
		FFDCF33E1759F79700FC8B97 /* AFJSONUtilities.m in Sources */ = {isa = PBXBuildFile; fileRef = FFDCF32E1759F79700FC8B97 /* AFJSONUtilities.m */; };
		FFDCF33F1759F79700FC8B97 /* AFNetworkActivityIndicatorManager.m in Sources */ = {isa = PBXBuildFile; fileRef = FFDCF3301759F79700FC8B97 /* AFNetworkActivityIndicatorManager.m */; };
		FFDCF3401759F79700FC8B97 /* AFPropertyListRequestOperation.m in Sources */ = {isa = PBXBuildFile; fileRef = FFDCF3331759F79700FC8B97 /* AFPropertyListRequestOperation.m */; };
		FFDCF3411759F79700FC8B97 /* AFURLConnectionOperation.m in Sources */ = {isa = PBXBuildFile; fileRef = FFDCF3351759F79700FC8B97 /* AFURLConnectionOperation.m */; };
		FFDCF3421759F79700FC8B97 /* AFXMLRequestOperation.m in Sources */ = {isa = PBXBuildFile; fileRef = FFDCF3371759F79700FC8B97 /* AFXMLRequestOperation.m */; };
		FFDCF3431759F79700FC8B97 /* UIImageView+AFNetworking.m in Sources */ = {isa = PBXBuildFile; fileRef = FFDCF3391759F79700FC8B97 /* UIImageView+AFNetworking.m */; };
		FFDCF3461759FE5200FC8B97 /* Image+Methods.m in Sources */ = {isa = PBXBuildFile; fileRef = FFDCF3451759FE5200FC8B97 /* Image+Methods.m */; };
/* End PBXBuildFile section */

/* Begin PBXFileReference section */
		FF32588A175AC32900C3A261 /* ProgressiveNodesViewController.h */ = {isa = PBXFileReference; fileEncoding = 4; lastKnownFileType = sourcecode.c.h; path = ProgressiveNodesViewController.h; sourceTree = "<group>"; };
		FF32588B175AC32900C3A261 /* ProgressiveNodesViewController.m */ = {isa = PBXFileReference; fileEncoding = 4; lastKnownFileType = sourcecode.c.objc; path = ProgressiveNodesViewController.m; sourceTree = "<group>"; };
		FF32588D175AC33600C3A261 /* ProgressiveNodesView.xib */ = {isa = PBXFileReference; fileEncoding = 4; lastKnownFileType = file.xib; path = ProgressiveNodesView.xib; sourceTree = "<group>"; };
		FF32588F175AC50800C3A261 /* User.h */ = {isa = PBXFileReference; fileEncoding = 4; lastKnownFileType = sourcecode.c.h; path = User.h; sourceTree = "<group>"; };
		FF325890175AC50800C3A261 /* User.m */ = {isa = PBXFileReference; fileEncoding = 4; lastKnownFileType = sourcecode.c.objc; path = User.m; sourceTree = "<group>"; };
		FF325892175AC50800C3A261 /* Node.h */ = {isa = PBXFileReference; fileEncoding = 4; lastKnownFileType = sourcecode.c.h; path = Node.h; sourceTree = "<group>"; };
		FF325893175AC50900C3A261 /* Node.m */ = {isa = PBXFileReference; fileEncoding = 4; lastKnownFileType = sourcecode.c.objc; path = Node.m; sourceTree = "<group>"; };
		FF325895175AC50900C3A261 /* Image.h */ = {isa = PBXFileReference; fileEncoding = 4; lastKnownFileType = sourcecode.c.h; path = Image.h; sourceTree = "<group>"; };
		FF325896175AC50900C3A261 /* Image.m */ = {isa = PBXFileReference; fileEncoding = 4; lastKnownFileType = sourcecode.c.objc; path = Image.m; sourceTree = "<group>"; };
		FF325898175AC50900C3A261 /* Options.h */ = {isa = PBXFileReference; fileEncoding = 4; lastKnownFileType = sourcecode.c.h; path = Options.h; sourceTree = "<group>"; };
		FF325899175AC50900C3A261 /* Options.m */ = {isa = PBXFileReference; fileEncoding = 4; lastKnownFileType = sourcecode.c.objc; path = Options.m; sourceTree = "<group>"; };
		FF32589B175AC50900C3A261 /* Tour.h */ = {isa = PBXFileReference; fileEncoding = 4; lastKnownFileType = sourcecode.c.h; path = Tour.h; sourceTree = "<group>"; };
		FF32589C175AC50900C3A261 /* Tour.m */ = {isa = PBXFileReference; fileEncoding = 4; lastKnownFileType = sourcecode.c.objc; path = Tour.m; sourceTree = "<group>"; };
		FF32589E175AC50900C3A261 /* BaseObject.h */ = {isa = PBXFileReference; fileEncoding = 4; lastKnownFileType = sourcecode.c.h; path = BaseObject.h; sourceTree = "<group>"; };
		FF32589F175AC50900C3A261 /* BaseObject.m */ = {isa = PBXFileReference; fileEncoding = 4; lastKnownFileType = sourcecode.c.objc; path = BaseObject.m; sourceTree = "<group>"; };
		FF373A3B1759720500A53FD8 /* MapButton.xib */ = {isa = PBXFileReference; fileEncoding = 4; lastKnownFileType = file.xib; path = MapButton.xib; sourceTree = "<group>"; };
		FF373A3F1759735200A53FD8 /* MapKit.framework */ = {isa = PBXFileReference; lastKnownFileType = wrapper.framework; name = MapKit.framework; path = System/Library/Frameworks/MapKit.framework; sourceTree = SDKROOT; };
		FF373A41175978C300A53FD8 /* CoreLocation.framework */ = {isa = PBXFileReference; lastKnownFileType = wrapper.framework; name = CoreLocation.framework; path = System/Library/Frameworks/CoreLocation.framework; sourceTree = SDKROOT; };
		FF373A4317598B0900A53FD8 /* FindToursView.xib */ = {isa = PBXFileReference; fileEncoding = 4; lastKnownFileType = file.xib; path = FindToursView.xib; sourceTree = "<group>"; };
		FF373A4517598B7400A53FD8 /* AddTourCell.xib */ = {isa = PBXFileReference; fileEncoding = 4; lastKnownFileType = file.xib; path = AddTourCell.xib; sourceTree = "<group>"; };
		FF373A4717598BCB00A53FD8 /* MainView.xib */ = {isa = PBXFileReference; fileEncoding = 4; lastKnownFileType = file.xib; path = MainView.xib; sourceTree = "<group>"; };
		FF373A4917598D1500A53FD8 /* MainViewController.h */ = {isa = PBXFileReference; fileEncoding = 4; lastKnownFileType = sourcecode.c.h; path = MainViewController.h; sourceTree = "<group>"; };
		FF373A4A17598D1600A53FD8 /* MainViewController.m */ = {isa = PBXFileReference; fileEncoding = 4; lastKnownFileType = sourcecode.c.objc; path = MainViewController.m; sourceTree = "<group>"; };
		FF373A4C17598E4C00A53FD8 /* FindToursViewController.h */ = {isa = PBXFileReference; fileEncoding = 4; lastKnownFileType = sourcecode.c.h; path = FindToursViewController.h; sourceTree = "<group>"; };
		FF373A4D17598E4C00A53FD8 /* FindToursViewController.m */ = {isa = PBXFileReference; fileEncoding = 4; lastKnownFileType = sourcecode.c.objc; path = FindToursViewController.m; sourceTree = "<group>"; };
		FF373AD61759908000A53FD8 /* ClientManager.h */ = {isa = PBXFileReference; fileEncoding = 4; lastKnownFileType = sourcecode.c.h; path = ClientManager.h; sourceTree = "<group>"; };
		FF373AD71759908000A53FD8 /* ClientManager.m */ = {isa = PBXFileReference; fileEncoding = 4; lastKnownFileType = sourcecode.c.objc; path = ClientManager.m; sourceTree = "<group>"; };
		FF373AD91759910A00A53FD8 /* Options+Methods.h */ = {isa = PBXFileReference; fileEncoding = 4; lastKnownFileType = sourcecode.c.h; path = "Options+Methods.h"; sourceTree = "<group>"; };
		FF373ADA1759910B00A53FD8 /* Options+Methods.m */ = {isa = PBXFileReference; fileEncoding = 4; lastKnownFileType = sourcecode.c.objc; path = "Options+Methods.m"; sourceTree = "<group>"; };
		FF373ADC1759919F00A53FD8 /* OptionsView.xib */ = {isa = PBXFileReference; fileEncoding = 4; lastKnownFileType = file.xib; path = OptionsView.xib; sourceTree = "<group>"; };
		FF373ADE175992F300A53FD8 /* OptionsViewController.h */ = {isa = PBXFileReference; fileEncoding = 4; lastKnownFileType = sourcecode.c.h; path = OptionsViewController.h; sourceTree = "<group>"; };
		FF373ADF175992F300A53FD8 /* OptionsViewController.m */ = {isa = PBXFileReference; fileEncoding = 4; lastKnownFileType = sourcecode.c.objc; path = OptionsViewController.m; sourceTree = "<group>"; };
		FF373AE417599A8D00A53FD8 /* AFJSONRequestOperation+Constructor.h */ = {isa = PBXFileReference; fileEncoding = 4; lastKnownFileType = sourcecode.c.h; path = "AFJSONRequestOperation+Constructor.h"; sourceTree = "<group>"; };
		FF373AE517599A8D00A53FD8 /* AFJSONRequestOperation+Constructor.m */ = {isa = PBXFileReference; fileEncoding = 4; lastKnownFileType = sourcecode.c.objc; path = "AFJSONRequestOperation+Constructor.m"; sourceTree = "<group>"; };
		FF373AE71759A18500A53FD8 /* NSMutableURLRequest+CurlDescription.h */ = {isa = PBXFileReference; fileEncoding = 4; lastKnownFileType = sourcecode.c.h; path = "NSMutableURLRequest+CurlDescription.h"; sourceTree = "<group>"; };
		FF373AE81759A18500A53FD8 /* NSMutableURLRequest+CurlDescription.m */ = {isa = PBXFileReference; fileEncoding = 4; lastKnownFileType = sourcecode.c.objc; path = "NSMutableURLRequest+CurlDescription.m"; sourceTree = "<group>"; };
		FF373AEA1759B43300A53FD8 /* AddTourCell.h */ = {isa = PBXFileReference; fileEncoding = 4; lastKnownFileType = sourcecode.c.h; path = AddTourCell.h; sourceTree = "<group>"; };
		FF373AEB1759B43300A53FD8 /* AddTourCell.m */ = {isa = PBXFileReference; fileEncoding = 4; lastKnownFileType = sourcecode.c.objc; path = AddTourCell.m; sourceTree = "<group>"; };
		FF373AEE1759B5AE00A53FD8 /* Model.xcdatamodel */ = {isa = PBXFileReference; lastKnownFileType = wrapper.xcdatamodel; path = Model.xcdatamodel; sourceTree = "<group>"; };
		FF373B0F1759BD9300A53FD8 /* BaseObject+Methods.h */ = {isa = PBXFileReference; fileEncoding = 4; lastKnownFileType = sourcecode.c.h; path = "BaseObject+Methods.h"; sourceTree = "<group>"; };
		FF373B101759BD9400A53FD8 /* BaseObject+Methods.m */ = {isa = PBXFileReference; fileEncoding = 4; lastKnownFileType = sourcecode.c.objc; path = "BaseObject+Methods.m"; sourceTree = "<group>"; };
		FF373B121759BE0D00A53FD8 /* CoreData.framework */ = {isa = PBXFileReference; lastKnownFileType = wrapper.framework; name = CoreData.framework; path = System/Library/Frameworks/CoreData.framework; sourceTree = SDKROOT; };
		FF373B201759C01D00A53FD8 /* DataManager.h */ = {isa = PBXFileReference; fileEncoding = 4; lastKnownFileType = sourcecode.c.h; path = DataManager.h; sourceTree = "<group>"; };
		FF373B211759C01D00A53FD8 /* DataManager.m */ = {isa = PBXFileReference; fileEncoding = 4; lastKnownFileType = sourcecode.c.objc; path = DataManager.m; sourceTree = "<group>"; };
		FF373B261759CDAD00A53FD8 /* User+Methods.h */ = {isa = PBXFileReference; fileEncoding = 4; lastKnownFileType = sourcecode.c.h; path = "User+Methods.h"; sourceTree = "<group>"; };
		FF373B271759CDAE00A53FD8 /* User+Methods.m */ = {isa = PBXFileReference; fileEncoding = 4; lastKnownFileType = sourcecode.c.objc; path = "User+Methods.m"; sourceTree = "<group>"; };
		FF9789061758B50900325B2D /* GovHack.app */ = {isa = PBXFileReference; explicitFileType = wrapper.application; includeInIndex = 0; path = GovHack.app; sourceTree = BUILT_PRODUCTS_DIR; };
		FF9789091758B50900325B2D /* UIKit.framework */ = {isa = PBXFileReference; lastKnownFileType = wrapper.framework; name = UIKit.framework; path = System/Library/Frameworks/UIKit.framework; sourceTree = SDKROOT; };
		FF97890B1758B50900325B2D /* Foundation.framework */ = {isa = PBXFileReference; lastKnownFileType = wrapper.framework; name = Foundation.framework; path = System/Library/Frameworks/Foundation.framework; sourceTree = SDKROOT; };
		FF97890D1758B50900325B2D /* CoreGraphics.framework */ = {isa = PBXFileReference; lastKnownFileType = wrapper.framework; name = CoreGraphics.framework; path = System/Library/Frameworks/CoreGraphics.framework; sourceTree = SDKROOT; };
		FF9789111758B50900325B2D /* GovHack-Info.plist */ = {isa = PBXFileReference; lastKnownFileType = text.plist.xml; path = "GovHack-Info.plist"; sourceTree = "<group>"; };
		FF9789131758B50900325B2D /* en */ = {isa = PBXFileReference; lastKnownFileType = text.plist.strings; name = en; path = en.lproj/InfoPlist.strings; sourceTree = "<group>"; };
		FF9789151758B50900325B2D /* main.m */ = {isa = PBXFileReference; lastKnownFileType = sourcecode.c.objc; path = main.m; sourceTree = "<group>"; };
		FF9789171758B50900325B2D /* GovHack-Prefix.pch */ = {isa = PBXFileReference; lastKnownFileType = sourcecode.c.h; path = "GovHack-Prefix.pch"; sourceTree = "<group>"; };
		FF9789181758B50900325B2D /* AppDelegate.h */ = {isa = PBXFileReference; lastKnownFileType = sourcecode.c.h; path = AppDelegate.h; sourceTree = "<group>"; };
		FF9789191758B50900325B2D /* AppDelegate.m */ = {isa = PBXFileReference; lastKnownFileType = sourcecode.c.objc; path = AppDelegate.m; sourceTree = "<group>"; };
		FF97891B1758B50900325B2D /* Default.png */ = {isa = PBXFileReference; lastKnownFileType = image.png; path = Default.png; sourceTree = "<group>"; };
		FF97891D1758B50900325B2D /* Default@2x.png */ = {isa = PBXFileReference; lastKnownFileType = image.png; path = "Default@2x.png"; sourceTree = "<group>"; };
		FF97891F1758B50900325B2D /* Default-568h@2x.png */ = {isa = PBXFileReference; lastKnownFileType = image.png; path = "Default-568h@2x.png"; sourceTree = "<group>"; };
		FF9789261758B53800325B2D /* ToursViewController.h */ = {isa = PBXFileReference; fileEncoding = 4; lastKnownFileType = sourcecode.c.h; path = ToursViewController.h; sourceTree = "<group>"; };
		FF9789271758B53800325B2D /* ToursViewController.m */ = {isa = PBXFileReference; fileEncoding = 4; lastKnownFileType = sourcecode.c.objc; path = ToursViewController.m; sourceTree = "<group>"; };
		FF9789291758B5D300325B2D /* project.h */ = {isa = PBXFileReference; lastKnownFileType = sourcecode.c.h; path = project.h; sourceTree = "<group>"; };
		FF97892A1758B61400325B2D /* ToursView.xib */ = {isa = PBXFileReference; fileEncoding = 4; lastKnownFileType = file.xib; path = ToursView.xib; sourceTree = "<group>"; };
		FF97892F1758BA4600325B2D /* NodesViewController.h */ = {isa = PBXFileReference; fileEncoding = 4; lastKnownFileType = sourcecode.c.h; path = NodesViewController.h; sourceTree = "<group>"; };
		FF9789301758BA4600325B2D /* NodesViewController.m */ = {isa = PBXFileReference; fileEncoding = 4; lastKnownFileType = sourcecode.c.objc; path = NodesViewController.m; sourceTree = "<group>"; };
		FF9789321758BA5800325B2D /* NodesView.xib */ = {isa = PBXFileReference; fileEncoding = 4; lastKnownFileType = file.xib; path = NodesView.xib; sourceTree = "<group>"; };
		FF9789341758BC5E00325B2D /* Tour+Methods.h */ = {isa = PBXFileReference; fileEncoding = 4; lastKnownFileType = sourcecode.c.h; path = "Tour+Methods.h"; sourceTree = "<group>"; };
		FF9789351758BC5E00325B2D /* Tour+Methods.m */ = {isa = PBXFileReference; fileEncoding = 4; lastKnownFileType = sourcecode.c.objc; path = "Tour+Methods.m"; sourceTree = "<group>"; };
		FF9789371758BF4300325B2D /* Node+Methods.h */ = {isa = PBXFileReference; fileEncoding = 4; lastKnownFileType = sourcecode.c.h; path = "Node+Methods.h"; sourceTree = "<group>"; };
		FF9789381758BF4300325B2D /* Node+Methods.m */ = {isa = PBXFileReference; fileEncoding = 4; lastKnownFileType = sourcecode.c.objc; path = "Node+Methods.m"; sourceTree = "<group>"; };
		FF97893A1758C31F00325B2D /* NodeViewController.h */ = {isa = PBXFileReference; fileEncoding = 4; lastKnownFileType = sourcecode.c.h; path = NodeViewController.h; sourceTree = "<group>"; };
		FF97893B1758C31F00325B2D /* NodeViewController.m */ = {isa = PBXFileReference; fileEncoding = 4; lastKnownFileType = sourcecode.c.objc; path = NodeViewController.m; sourceTree = "<group>"; };
		FF97893D1758C32D00325B2D /* NodeView.xib */ = {isa = PBXFileReference; fileEncoding = 4; lastKnownFileType = file.xib; path = NodeView.xib; sourceTree = "<group>"; };
		FF97893F1758C75700325B2D /* NodeWebCell.xib */ = {isa = PBXFileReference; fileEncoding = 4; lastKnownFileType = file.xib; path = NodeWebCell.xib; sourceTree = "<group>"; };
		FF9789411758C7ED00325B2D /* NodeWebCell.h */ = {isa = PBXFileReference; fileEncoding = 4; lastKnownFileType = sourcecode.c.h; path = NodeWebCell.h; sourceTree = "<group>"; };
		FF9789421758C7ED00325B2D /* NodeWebCell.m */ = {isa = PBXFileReference; fileEncoding = 4; lastKnownFileType = sourcecode.c.objc; path = NodeWebCell.m; sourceTree = "<group>"; };
		FFDCF3251759F79700FC8B97 /* AFHTTPClient.h */ = {isa = PBXFileReference; fileEncoding = 4; lastKnownFileType = sourcecode.c.h; path = AFHTTPClient.h; sourceTree = "<group>"; };
		FFDCF3261759F79700FC8B97 /* AFHTTPClient.m */ = {isa = PBXFileReference; fileEncoding = 4; lastKnownFileType = sourcecode.c.objc; path = AFHTTPClient.m; sourceTree = "<group>"; };
		FFDCF3271759F79700FC8B97 /* AFHTTPRequestOperation.h */ = {isa = PBXFileReference; fileEncoding = 4; lastKnownFileType = sourcecode.c.h; path = AFHTTPRequestOperation.h; sourceTree = "<group>"; };
		FFDCF3281759F79700FC8B97 /* AFHTTPRequestOperation.m */ = {isa = PBXFileReference; fileEncoding = 4; lastKnownFileType = sourcecode.c.objc; path = AFHTTPRequestOperation.m; sourceTree = "<group>"; };
		FFDCF3291759F79700FC8B97 /* AFImageRequestOperation.h */ = {isa = PBXFileReference; fileEncoding = 4; lastKnownFileType = sourcecode.c.h; path = AFImageRequestOperation.h; sourceTree = "<group>"; };
		FFDCF32A1759F79700FC8B97 /* AFImageRequestOperation.m */ = {isa = PBXFileReference; fileEncoding = 4; lastKnownFileType = sourcecode.c.objc; path = AFImageRequestOperation.m; sourceTree = "<group>"; };
		FFDCF32B1759F79700FC8B97 /* AFJSONRequestOperation.h */ = {isa = PBXFileReference; fileEncoding = 4; lastKnownFileType = sourcecode.c.h; path = AFJSONRequestOperation.h; sourceTree = "<group>"; };
		FFDCF32C1759F79700FC8B97 /* AFJSONRequestOperation.m */ = {isa = PBXFileReference; fileEncoding = 4; lastKnownFileType = sourcecode.c.objc; path = AFJSONRequestOperation.m; sourceTree = "<group>"; };
		FFDCF32D1759F79700FC8B97 /* AFJSONUtilities.h */ = {isa = PBXFileReference; fileEncoding = 4; lastKnownFileType = sourcecode.c.h; path = AFJSONUtilities.h; sourceTree = "<group>"; };
		FFDCF32E1759F79700FC8B97 /* AFJSONUtilities.m */ = {isa = PBXFileReference; fileEncoding = 4; lastKnownFileType = sourcecode.c.objc; path = AFJSONUtilities.m; sourceTree = "<group>"; };
		FFDCF32F1759F79700FC8B97 /* AFNetworkActivityIndicatorManager.h */ = {isa = PBXFileReference; fileEncoding = 4; lastKnownFileType = sourcecode.c.h; path = AFNetworkActivityIndicatorManager.h; sourceTree = "<group>"; };
		FFDCF3301759F79700FC8B97 /* AFNetworkActivityIndicatorManager.m */ = {isa = PBXFileReference; fileEncoding = 4; lastKnownFileType = sourcecode.c.objc; path = AFNetworkActivityIndicatorManager.m; sourceTree = "<group>"; };
		FFDCF3311759F79700FC8B97 /* AFNetworking.h */ = {isa = PBXFileReference; fileEncoding = 4; lastKnownFileType = sourcecode.c.h; path = AFNetworking.h; sourceTree = "<group>"; };
		FFDCF3321759F79700FC8B97 /* AFPropertyListRequestOperation.h */ = {isa = PBXFileReference; fileEncoding = 4; lastKnownFileType = sourcecode.c.h; path = AFPropertyListRequestOperation.h; sourceTree = "<group>"; };
		FFDCF3331759F79700FC8B97 /* AFPropertyListRequestOperation.m */ = {isa = PBXFileReference; fileEncoding = 4; lastKnownFileType = sourcecode.c.objc; path = AFPropertyListRequestOperation.m; sourceTree = "<group>"; };
		FFDCF3341759F79700FC8B97 /* AFURLConnectionOperation.h */ = {isa = PBXFileReference; fileEncoding = 4; lastKnownFileType = sourcecode.c.h; path = AFURLConnectionOperation.h; sourceTree = "<group>"; };
		FFDCF3351759F79700FC8B97 /* AFURLConnectionOperation.m */ = {isa = PBXFileReference; fileEncoding = 4; lastKnownFileType = sourcecode.c.objc; path = AFURLConnectionOperation.m; sourceTree = "<group>"; };
		FFDCF3361759F79700FC8B97 /* AFXMLRequestOperation.h */ = {isa = PBXFileReference; fileEncoding = 4; lastKnownFileType = sourcecode.c.h; path = AFXMLRequestOperation.h; sourceTree = "<group>"; };
		FFDCF3371759F79700FC8B97 /* AFXMLRequestOperation.m */ = {isa = PBXFileReference; fileEncoding = 4; lastKnownFileType = sourcecode.c.objc; path = AFXMLRequestOperation.m; sourceTree = "<group>"; };
		FFDCF3381759F79700FC8B97 /* UIImageView+AFNetworking.h */ = {isa = PBXFileReference; fileEncoding = 4; lastKnownFileType = sourcecode.c.h; path = "UIImageView+AFNetworking.h"; sourceTree = "<group>"; };
		FFDCF3391759F79700FC8B97 /* UIImageView+AFNetworking.m */ = {isa = PBXFileReference; fileEncoding = 4; lastKnownFileType = sourcecode.c.objc; path = "UIImageView+AFNetworking.m"; sourceTree = "<group>"; };
		FFDCF3441759FE5200FC8B97 /* Image+Methods.h */ = {isa = PBXFileReference; fileEncoding = 4; lastKnownFileType = sourcecode.c.h; path = "Image+Methods.h"; sourceTree = "<group>"; };
		FFDCF3451759FE5200FC8B97 /* Image+Methods.m */ = {isa = PBXFileReference; fileEncoding = 4; lastKnownFileType = sourcecode.c.objc; path = "Image+Methods.m"; sourceTree = "<group>"; };
/* End PBXFileReference section */

/* Begin PBXFrameworksBuildPhase section */
		FF9789031758B50900325B2D /* Frameworks */ = {
			isa = PBXFrameworksBuildPhase;
			buildActionMask = 2147483647;
			files = (
				FF373B131759BE0D00A53FD8 /* CoreData.framework in Frameworks */,
				FF373A42175978C300A53FD8 /* CoreLocation.framework in Frameworks */,
				FF373A401759735200A53FD8 /* MapKit.framework in Frameworks */,
				FF97890A1758B50900325B2D /* UIKit.framework in Frameworks */,
				FF97890C1758B50900325B2D /* Foundation.framework in Frameworks */,
				FF97890E1758B50900325B2D /* CoreGraphics.framework in Frameworks */,
			);
			runOnlyForDeploymentPostprocessing = 0;
		};
/* End PBXFrameworksBuildPhase section */

/* Begin PBXGroup section */
		FF373AF01759B9EE00A53FD8 /* model */ = {
			isa = PBXGroup;
			children = (
				FF32588F175AC50800C3A261 /* User.h */,
				FF325890175AC50800C3A261 /* User.m */,
				FF325892175AC50800C3A261 /* Node.h */,
				FF325893175AC50900C3A261 /* Node.m */,
				FF325895175AC50900C3A261 /* Image.h */,
				FF325896175AC50900C3A261 /* Image.m */,
				FF325898175AC50900C3A261 /* Options.h */,
				FF325899175AC50900C3A261 /* Options.m */,
				FF32589B175AC50900C3A261 /* Tour.h */,
				FF32589C175AC50900C3A261 /* Tour.m */,
				FF32589E175AC50900C3A261 /* BaseObject.h */,
				FF32589F175AC50900C3A261 /* BaseObject.m */,
			);
			path = model;
			sourceTree = "<group>";
		};
		FF9788FD1758B50900325B2D = {
			isa = PBXGroup;
			children = (
				FFDCF28D1759F66D00FC8B97 /* AFNetworking */,
				FF373B121759BE0D00A53FD8 /* CoreData.framework */,
				FF97890F1758B50900325B2D /* GovHack */,
				FF9789081758B50900325B2D /* Frameworks */,
				FF9789071758B50900325B2D /* Products */,
			);
			sourceTree = "<group>";
		};
		FF9789071758B50900325B2D /* Products */ = {
			isa = PBXGroup;
			children = (
				FF9789061758B50900325B2D /* GovHack.app */,
			);
			name = Products;
			sourceTree = "<group>";
		};
		FF9789081758B50900325B2D /* Frameworks */ = {
			isa = PBXGroup;
			children = (
				FF373A41175978C300A53FD8 /* CoreLocation.framework */,
				FF373A3F1759735200A53FD8 /* MapKit.framework */,
				FF9789091758B50900325B2D /* UIKit.framework */,
				FF97890B1758B50900325B2D /* Foundation.framework */,
				FF97890D1758B50900325B2D /* CoreGraphics.framework */,
			);
			name = Frameworks;
			sourceTree = "<group>";
		};
		FF97890F1758B50900325B2D /* GovHack */ = {
			isa = PBXGroup;
			children = (
				FF373AEA1759B43300A53FD8 /* AddTourCell.h */,
				FF373AEB1759B43300A53FD8 /* AddTourCell.m */,
				FF373A4517598B7400A53FD8 /* AddTourCell.xib */,
				FF373AE417599A8D00A53FD8 /* AFJSONRequestOperation+Constructor.h */,
				FF373AE517599A8D00A53FD8 /* AFJSONRequestOperation+Constructor.m */,
				FF9789181758B50900325B2D /* AppDelegate.h */,
				FF9789191758B50900325B2D /* AppDelegate.m */,
				FF373B0F1759BD9300A53FD8 /* BaseObject+Methods.h */,
				FF373B101759BD9400A53FD8 /* BaseObject+Methods.m */,
				FF373AD61759908000A53FD8 /* ClientManager.h */,
				FF373AD71759908000A53FD8 /* ClientManager.m */,
				FF373B201759C01D00A53FD8 /* DataManager.h */,
				FF373B211759C01D00A53FD8 /* DataManager.m */,
				FF373A4317598B0900A53FD8 /* FindToursView.xib */,
				FF373A4C17598E4C00A53FD8 /* FindToursViewController.h */,
				FF373A4D17598E4C00A53FD8 /* FindToursViewController.m */,
				FF373A4717598BCB00A53FD8 /* MainView.xib */,
				FF373A4917598D1500A53FD8 /* MainViewController.h */,
				FF373A4A17598D1600A53FD8 /* MainViewController.m */,
				FF373A3B1759720500A53FD8 /* MapButton.xib */,
				FF373AF01759B9EE00A53FD8 /* model */,
				FF373AED1759B5AE00A53FD8 /* Model.xcdatamodeld */,
				FF9789371758BF4300325B2D /* Node+Methods.h */,
				FF9789381758BF4300325B2D /* Node+Methods.m */,
				FF9789321758BA5800325B2D /* NodesView.xib */,
				FF97892F1758BA4600325B2D /* NodesViewController.h */,
				FF9789301758BA4600325B2D /* NodesViewController.m */,
				FF97893D1758C32D00325B2D /* NodeView.xib */,
				FF97893A1758C31F00325B2D /* NodeViewController.h */,
				FF97893B1758C31F00325B2D /* NodeViewController.m */,
				FF9789411758C7ED00325B2D /* NodeWebCell.h */,
				FF9789421758C7ED00325B2D /* NodeWebCell.m */,
				FF97893F1758C75700325B2D /* NodeWebCell.xib */,
				FF373AE71759A18500A53FD8 /* NSMutableURLRequest+CurlDescription.h */,
				FF373AE81759A18500A53FD8 /* NSMutableURLRequest+CurlDescription.m */,
				FF373AD91759910A00A53FD8 /* Options+Methods.h */,
				FF373ADA1759910B00A53FD8 /* Options+Methods.m */,
				FF373ADC1759919F00A53FD8 /* OptionsView.xib */,
				FF373ADE175992F300A53FD8 /* OptionsViewController.h */,
				FF373ADF175992F300A53FD8 /* OptionsViewController.m */,
				FF9789291758B5D300325B2D /* project.h */,
				FF9789101758B50900325B2D /* Supporting Files */,
				FF9789341758BC5E00325B2D /* Tour+Methods.h */,
				FF9789351758BC5E00325B2D /* Tour+Methods.m */,
				FF97892A1758B61400325B2D /* ToursView.xib */,
				FF9789261758B53800325B2D /* ToursViewController.h */,
				FF9789271758B53800325B2D /* ToursViewController.m */,
				FF373B261759CDAD00A53FD8 /* User+Methods.h */,
				FF373B271759CDAE00A53FD8 /* User+Methods.m */,
				FFDCF3441759FE5200FC8B97 /* Image+Methods.h */,
				FFDCF3451759FE5200FC8B97 /* Image+Methods.m */,
				FF32588A175AC32900C3A261 /* ProgressiveNodesViewController.h */,
				FF32588B175AC32900C3A261 /* ProgressiveNodesViewController.m */,
				FF32588D175AC33600C3A261 /* ProgressiveNodesView.xib */,
			);
			path = GovHack;
			sourceTree = "<group>";
		};
		FF9789101758B50900325B2D /* Supporting Files */ = {
			isa = PBXGroup;
			children = (
				FF9789111758B50900325B2D /* GovHack-Info.plist */,
				FF9789121758B50900325B2D /* InfoPlist.strings */,
				FF9789151758B50900325B2D /* main.m */,
				FF9789171758B50900325B2D /* GovHack-Prefix.pch */,
				FF97891B1758B50900325B2D /* Default.png */,
				FF97891D1758B50900325B2D /* Default@2x.png */,
				FF97891F1758B50900325B2D /* Default-568h@2x.png */,
			);
			name = "Supporting Files";
			sourceTree = "<group>";
		};
		FFDCF28D1759F66D00FC8B97 /* AFNetworking */ = {
			isa = PBXGroup;
			children = (
				FFDCF3241759F79700FC8B97 /* AFNetworking */,
			);
			path = AFNetworking;
			sourceTree = "<group>";
		};
		FFDCF3241759F79700FC8B97 /* AFNetworking */ = {
			isa = PBXGroup;
			children = (
				FFDCF3251759F79700FC8B97 /* AFHTTPClient.h */,
				FFDCF3261759F79700FC8B97 /* AFHTTPClient.m */,
				FFDCF3271759F79700FC8B97 /* AFHTTPRequestOperation.h */,
				FFDCF3281759F79700FC8B97 /* AFHTTPRequestOperation.m */,
				FFDCF3291759F79700FC8B97 /* AFImageRequestOperation.h */,
				FFDCF32A1759F79700FC8B97 /* AFImageRequestOperation.m */,
				FFDCF32B1759F79700FC8B97 /* AFJSONRequestOperation.h */,
				FFDCF32C1759F79700FC8B97 /* AFJSONRequestOperation.m */,
				FFDCF32D1759F79700FC8B97 /* AFJSONUtilities.h */,
				FFDCF32E1759F79700FC8B97 /* AFJSONUtilities.m */,
				FFDCF32F1759F79700FC8B97 /* AFNetworkActivityIndicatorManager.h */,
				FFDCF3301759F79700FC8B97 /* AFNetworkActivityIndicatorManager.m */,
				FFDCF3311759F79700FC8B97 /* AFNetworking.h */,
				FFDCF3321759F79700FC8B97 /* AFPropertyListRequestOperation.h */,
				FFDCF3331759F79700FC8B97 /* AFPropertyListRequestOperation.m */,
				FFDCF3341759F79700FC8B97 /* AFURLConnectionOperation.h */,
				FFDCF3351759F79700FC8B97 /* AFURLConnectionOperation.m */,
				FFDCF3361759F79700FC8B97 /* AFXMLRequestOperation.h */,
				FFDCF3371759F79700FC8B97 /* AFXMLRequestOperation.m */,
				FFDCF3381759F79700FC8B97 /* UIImageView+AFNetworking.h */,
				FFDCF3391759F79700FC8B97 /* UIImageView+AFNetworking.m */,
			);
			path = AFNetworking;
			sourceTree = "<group>";
		};
/* End PBXGroup section */

/* Begin PBXNativeTarget section */
		FF9789051758B50900325B2D /* GovHack */ = {
			isa = PBXNativeTarget;
			buildConfigurationList = FF9789231758B50900325B2D /* Build configuration list for PBXNativeTarget "GovHack" */;
			buildPhases = (
				FF9789021758B50900325B2D /* Sources */,
				FF9789031758B50900325B2D /* Frameworks */,
				FF9789041758B50900325B2D /* Resources */,
			);
			buildRules = (
			);
			dependencies = (
			);
			name = GovHack;
			productName = GovHack;
			productReference = FF9789061758B50900325B2D /* GovHack.app */;
			productType = "com.apple.product-type.application";
		};
/* End PBXNativeTarget section */

/* Begin PBXProject section */
		FF9788FE1758B50900325B2D /* Project object */ = {
			isa = PBXProject;
			attributes = {
				LastUpgradeCheck = 0460;
				ORGANIZATIONNAME = Myles;
			};
			buildConfigurationList = FF9789011758B50900325B2D /* Build configuration list for PBXProject "GovHack" */;
			compatibilityVersion = "Xcode 3.2";
			developmentRegion = English;
			hasScannedForEncodings = 0;
			knownRegions = (
				en,
			);
			mainGroup = FF9788FD1758B50900325B2D;
			productRefGroup = FF9789071758B50900325B2D /* Products */;
			projectDirPath = "";
			projectRoot = "";
			targets = (
				FF9789051758B50900325B2D /* GovHack */,
			);
		};
/* End PBXProject section */

/* Begin PBXResourcesBuildPhase section */
		FF9789041758B50900325B2D /* Resources */ = {
			isa = PBXResourcesBuildPhase;
			buildActionMask = 2147483647;
			files = (
				FF9789141758B50900325B2D /* InfoPlist.strings in Resources */,
				FF97891C1758B50900325B2D /* Default.png in Resources */,
				FF97891E1758B50900325B2D /* Default@2x.png in Resources */,
				FF9789201758B50900325B2D /* Default-568h@2x.png in Resources */,
				FF97892B1758B61400325B2D /* ToursView.xib in Resources */,
				FF9789331758BA5800325B2D /* NodesView.xib in Resources */,
				FF97893E1758C32D00325B2D /* NodeView.xib in Resources */,
				FF9789401758C75700325B2D /* NodeWebCell.xib in Resources */,
				FF373A3C1759720500A53FD8 /* MapButton.xib in Resources */,
				FF373A4417598B0900A53FD8 /* FindToursView.xib in Resources */,
				FF373A4617598B7400A53FD8 /* AddTourCell.xib in Resources */,
				FF373A4817598BCB00A53FD8 /* MainView.xib in Resources */,
				FF373ADD1759919F00A53FD8 /* OptionsView.xib in Resources */,
				FF32588E175AC33600C3A261 /* ProgressiveNodesView.xib in Resources */,
			);
			runOnlyForDeploymentPostprocessing = 0;
		};
/* End PBXResourcesBuildPhase section */

/* Begin PBXSourcesBuildPhase section */
		FF9789021758B50900325B2D /* Sources */ = {
			isa = PBXSourcesBuildPhase;
			buildActionMask = 2147483647;
			files = (
				FF9789161758B50900325B2D /* main.m in Sources */,
				FF97891A1758B50900325B2D /* AppDelegate.m in Sources */,
				FF9789281758B53800325B2D /* ToursViewController.m in Sources */,
				FF9789311758BA4600325B2D /* NodesViewController.m in Sources */,
				FF9789361758BC5E00325B2D /* Tour+Methods.m in Sources */,
				FF9789391758BF4300325B2D /* Node+Methods.m in Sources */,
				FF97893C1758C31F00325B2D /* NodeViewController.m in Sources */,
				FF9789431758C7ED00325B2D /* NodeWebCell.m in Sources */,
				FF373A4B17598D1600A53FD8 /* MainViewController.m in Sources */,
				FF373A4E17598E4C00A53FD8 /* FindToursViewController.m in Sources */,
				FF373AD81759908000A53FD8 /* ClientManager.m in Sources */,
				FF373ADB1759910B00A53FD8 /* Options+Methods.m in Sources */,
				FF373AE0175992F400A53FD8 /* OptionsViewController.m in Sources */,
				FF373AE617599A8E00A53FD8 /* AFJSONRequestOperation+Constructor.m in Sources */,
				FF373AE91759A18600A53FD8 /* NSMutableURLRequest+CurlDescription.m in Sources */,
				FF373AEC1759B43400A53FD8 /* AddTourCell.m in Sources */,
				FF373AEF1759B5AE00A53FD8 /* Model.xcdatamodeld in Sources */,
				FF373B111759BD9400A53FD8 /* BaseObject+Methods.m in Sources */,
				FF373B221759C01E00A53FD8 /* DataManager.m in Sources */,
				FF373B281759CDAF00A53FD8 /* User+Methods.m in Sources */,
				FFDCF33A1759F79700FC8B97 /* AFHTTPClient.m in Sources */,
				FFDCF33B1759F79700FC8B97 /* AFHTTPRequestOperation.m in Sources */,
				FFDCF33C1759F79700FC8B97 /* AFImageRequestOperation.m in Sources */,
				FFDCF33D1759F79700FC8B97 /* AFJSONRequestOperation.m in Sources */,
				FFDCF33E1759F79700FC8B97 /* AFJSONUtilities.m in Sources */,
				FFDCF33F1759F79700FC8B97 /* AFNetworkActivityIndicatorManager.m in Sources */,
				FFDCF3401759F79700FC8B97 /* AFPropertyListRequestOperation.m in Sources */,
				FFDCF3411759F79700FC8B97 /* AFURLConnectionOperation.m in Sources */,
				FFDCF3421759F79700FC8B97 /* AFXMLRequestOperation.m in Sources */,
				FFDCF3431759F79700FC8B97 /* UIImageView+AFNetworking.m in Sources */,
				FFDCF3461759FE5200FC8B97 /* Image+Methods.m in Sources */,
				FF32588C175AC32900C3A261 /* ProgressiveNodesViewController.m in Sources */,
				FF325891175AC50800C3A261 /* User.m in Sources */,
				FF325894175AC50900C3A261 /* Node.m in Sources */,
				FF325897175AC50900C3A261 /* Image.m in Sources */,
				FF32589A175AC50900C3A261 /* Options.m in Sources */,
				FF32589D175AC50900C3A261 /* Tour.m in Sources */,
				FF3258A0175AC50900C3A261 /* BaseObject.m in Sources */,
			);
			runOnlyForDeploymentPostprocessing = 0;
		};
/* End PBXSourcesBuildPhase section */

/* Begin PBXVariantGroup section */
		FF9789121758B50900325B2D /* InfoPlist.strings */ = {
			isa = PBXVariantGroup;
			children = (
				FF9789131758B50900325B2D /* en */,
			);
			name = InfoPlist.strings;
			sourceTree = "<group>";
		};
/* End PBXVariantGroup section */

/* Begin XCBuildConfiguration section */
		FF9789211758B50900325B2D /* Debug */ = {
			isa = XCBuildConfiguration;
			buildSettings = {
				ALWAYS_SEARCH_USER_PATHS = NO;
				CLANG_CXX_LANGUAGE_STANDARD = "gnu++0x";
				CLANG_CXX_LIBRARY = "libc++";
				CLANG_WARN_CONSTANT_CONVERSION = YES;
				CLANG_WARN_EMPTY_BODY = YES;
				CLANG_WARN_ENUM_CONVERSION = YES;
				CLANG_WARN_INT_CONVERSION = YES;
				CLANG_WARN__DUPLICATE_METHOD_MATCH = YES;
				"CODE_SIGN_IDENTITY[sdk=iphoneos*]" = "iPhone Developer";
				COPY_PHASE_STRIP = NO;
				GCC_C_LANGUAGE_STANDARD = gnu99;
				GCC_DYNAMIC_NO_PIC = NO;
				GCC_OPTIMIZATION_LEVEL = 0;
				GCC_PREPROCESSOR_DEFINITIONS = (
					"DEBUG=1",
					"$(inherited)",
				);
				GCC_SYMBOLS_PRIVATE_EXTERN = NO;
				GCC_WARN_ABOUT_RETURN_TYPE = YES;
				GCC_WARN_UNINITIALIZED_AUTOS = YES;
				GCC_WARN_UNUSED_VARIABLE = YES;
				IPHONEOS_DEPLOYMENT_TARGET = 6.1;
				ONLY_ACTIVE_ARCH = YES;
				SDKROOT = iphoneos;
			};
			name = Debug;
		};
		FF9789221758B50900325B2D /* Release */ = {
			isa = XCBuildConfiguration;
			buildSettings = {
				ALWAYS_SEARCH_USER_PATHS = NO;
				CLANG_CXX_LANGUAGE_STANDARD = "gnu++0x";
				CLANG_CXX_LIBRARY = "libc++";
				CLANG_WARN_CONSTANT_CONVERSION = YES;
				CLANG_WARN_EMPTY_BODY = YES;
				CLANG_WARN_ENUM_CONVERSION = YES;
				CLANG_WARN_INT_CONVERSION = YES;
				CLANG_WARN__DUPLICATE_METHOD_MATCH = YES;
				"CODE_SIGN_IDENTITY[sdk=iphoneos*]" = "iPhone Developer";
				COPY_PHASE_STRIP = YES;
				GCC_C_LANGUAGE_STANDARD = gnu99;
				GCC_WARN_ABOUT_RETURN_TYPE = YES;
				GCC_WARN_UNINITIALIZED_AUTOS = YES;
				GCC_WARN_UNUSED_VARIABLE = YES;
				IPHONEOS_DEPLOYMENT_TARGET = 6.1;
				OTHER_CFLAGS = "-DNS_BLOCK_ASSERTIONS=1";
				SDKROOT = iphoneos;
				VALIDATE_PRODUCT = YES;
			};
			name = Release;
		};
		FF9789241758B50900325B2D /* Debug */ = {
			isa = XCBuildConfiguration;
			buildSettings = {
				GCC_PRECOMPILE_PREFIX_HEADER = YES;
				GCC_PREFIX_HEADER = "GovHack/GovHack-Prefix.pch";
				INFOPLIST_FILE = "GovHack/GovHack-Info.plist";
				PRODUCT_NAME = "$(TARGET_NAME)";
				WRAPPER_EXTENSION = app;
			};
			name = Debug;
		};
		FF9789251758B50900325B2D /* Release */ = {
			isa = XCBuildConfiguration;
			buildSettings = {
				GCC_PRECOMPILE_PREFIX_HEADER = YES;
				GCC_PREFIX_HEADER = "GovHack/GovHack-Prefix.pch";
				INFOPLIST_FILE = "GovHack/GovHack-Info.plist";
				PRODUCT_NAME = "$(TARGET_NAME)";
				WRAPPER_EXTENSION = app;
			};
			name = Release;
		};
/* End XCBuildConfiguration section */

/* Begin XCConfigurationList section */
		FF9789011758B50900325B2D /* Build configuration list for PBXProject "GovHack" */ = {
			isa = XCConfigurationList;
			buildConfigurations = (
				FF9789211758B50900325B2D /* Debug */,
				FF9789221758B50900325B2D /* Release */,
			);
			defaultConfigurationIsVisible = 0;
			defaultConfigurationName = Release;
		};
		FF9789231758B50900325B2D /* Build configuration list for PBXNativeTarget "GovHack" */ = {
			isa = XCConfigurationList;
			buildConfigurations = (
				FF9789241758B50900325B2D /* Debug */,
				FF9789251758B50900325B2D /* Release */,
			);
			defaultConfigurationIsVisible = 0;
			defaultConfigurationName = Release;
		};
/* End XCConfigurationList section */

/* Begin XCVersionGroup section */
		FF373AED1759B5AE00A53FD8 /* Model.xcdatamodeld */ = {
			isa = XCVersionGroup;
			children = (
				FF373AEE1759B5AE00A53FD8 /* Model.xcdatamodel */,
			);
			currentVersion = FF373AEE1759B5AE00A53FD8 /* Model.xcdatamodel */;
			name = Model.xcdatamodeld;
			path = ../Model.xcdatamodeld;
			sourceTree = "<group>";
			versionGroupType = wrapper.xcdatamodel;
		};
/* End XCVersionGroup section */
	};
	rootObject = FF9788FE1758B50900325B2D /* Project object */;
}
